
Microsoft Visual Studio Solution File, Format Version 12.00
# Visual Studio 15
VisualStudioVersion = 15.0.28307.572
MinimumVisualStudioVersion = 10.0.40219.1
Project("{FAE04EC0-301F-11D3-BF4B-00C04F79EFBC}") = "MVCBankProject", "MVCBankProject\MVCBankProject.csproj", "{03308E88-0A93-4007-B6BC-3B5E1E0937E3}"
EndProject
Global
	GlobalSection(SolutionConfigurationPlatforms) = preSolution
		Debug|Any CPU = Debug|Any CPU
		Release|Any CPU = Release|Any CPU
	EndGlobalSection
	GlobalSection(ProjectConfigurationPlatforms) = postSolution
		{03308E88-0A93-4007-B6BC-3B5E1E0937E3}.Debug|Any CPU.ActiveCfg = Debug|Any CPU
		{03308E88-0A93-4007-B6BC-3B5E1E0937E3}.Debug|Any CPU.Build.0 = Debug|Any CPU
		{03308E88-0A93-4007-B6BC-3B5E1E0937E3}.Release|Any CPU.ActiveCfg = Release|Any CPU
		{03308E88-0A93-4007-B6BC-3B5E1E0937E3}.Release|Any CPU.Build.0 = Release|Any CPU
	EndGlobalSection
	GlobalSection(SolutionProperties) = preSolution
		HideSolutionNode = FALSE
	EndGlobalSection
	GlobalSection(ExtensibilityGlobals) = postSolution
		SolutionGuid = {FF2FF993-F99D-45C1-8083-A0C4040D053E}
	EndGlobalSection
EndGlobal
